
Microsoft Visual Studio Solution File, Format Version 12.00
# Visual Studio Version 17
VisualStudioVersion = 17.13.35825.156 d17.13
MinimumVisualStudioVersion = 10.0.40219.1
Project("{FAE04EC0-301F-11D3-BF4B-00C04F79EFBC}") = "grade", "grade\grade.csproj", "{B9F2C0FA-6F8F-4946-BC79-DC38FA3DEC32}"
EndProject
Global
	GlobalSection(SolutionConfigurationPlatforms) = preSolution
		Debug|Any CPU = Debug|Any CPU
		Release|Any CPU = Release|Any CPU
	EndGlobalSection
	GlobalSection(ProjectConfigurationPlatforms) = postSolution
		{B9F2C0FA-6F8F-4946-BC79-DC38FA3DEC32}.Debug|Any CPU.ActiveCfg = Debug|Any CPU
		{B9F2C0FA-6F8F-4946-BC79-DC38FA3DEC32}.Debug|Any CPU.Build.0 = Debug|Any CPU
		{B9F2C0FA-6F8F-4946-BC79-DC38FA3DEC32}.Release|Any CPU.ActiveCfg = Release|Any CPU
		{B9F2C0FA-6F8F-4946-BC79-DC38FA3DEC32}.Release|Any CPU.Build.0 = Release|Any CPU
	EndGlobalSection
	GlobalSection(SolutionProperties) = preSolution
		HideSolutionNode = FALSE
	EndGlobalSection
	GlobalSection(ExtensibilityGlobals) = postSolution
		SolutionGuid = {AAF3CFE3-1A69-4930-83E0-2B48471F98D1}
	EndGlobalSection
EndGlobal
