
Microsoft Visual Studio Solution File, Format Version 12.00
# Visual Studio Version 17
VisualStudioVersion = 17.13.35825.156 d17.13
MinimumVisualStudioVersion = 10.0.40219.1
Project("{FAE04EC0-301F-11D3-BF4B-00C04F79EFBC}") = "random", "random\random.csproj", "{C0300CD6-DD44-43B4-95F7-A53DCB35D320}"
EndProject
Global
	GlobalSection(SolutionConfigurationPlatforms) = preSolution
		Debug|Any CPU = Debug|Any CPU
		Release|Any CPU = Release|Any CPU
	EndGlobalSection
	GlobalSection(ProjectConfigurationPlatforms) = postSolution
		{C0300CD6-DD44-43B4-95F7-A53DCB35D320}.Debug|Any CPU.ActiveCfg = Debug|Any CPU
		{C0300CD6-DD44-43B4-95F7-A53DCB35D320}.Debug|Any CPU.Build.0 = Debug|Any CPU
		{C0300CD6-DD44-43B4-95F7-A53DCB35D320}.Release|Any CPU.ActiveCfg = Release|Any CPU
		{C0300CD6-DD44-43B4-95F7-A53DCB35D320}.Release|Any CPU.Build.0 = Release|Any CPU
	EndGlobalSection
	GlobalSection(SolutionProperties) = preSolution
		HideSolutionNode = FALSE
	EndGlobalSection
	GlobalSection(ExtensibilityGlobals) = postSolution
		SolutionGuid = {A1233DBC-C74B-4AD5-98B8-5FCE0CE5FB46}
	EndGlobalSection
EndGlobal
